
Microsoft Visual Studio Solution File, Format Version 12.00
# Visual Studio Version 17
VisualStudioVersion = 17.3.32819.101
MinimumVisualStudioVersion = 10.0.40219.1
Project("{2150E333-8FDC-42A3-9474-1A3956D46DE8}") = "src", "src", "{06A16BAF-3A8F-461C-9492-65D36E6BC3F6}"
EndProject
Project("{2150E333-8FDC-42A3-9474-1A3956D46DE8}") = "kodlama.io.devs", "kodlama.io.devs", "{2D8612C8-FFE8-4383-B5C6-770255A8204E}"
EndProject
Project("{FAE04EC0-301F-11D3-BF4B-00C04F79EFBC}") = "Application", "kodlama.io.devs\Application\Application.csproj", "{B99CB72F-191C-4D75-9056-F19286DD7821}"
EndProject
Project("{FAE04EC0-301F-11D3-BF4B-00C04F79EFBC}") = "Domain", "kodlama.io.devs\Domain\Domain.csproj", "{A222B83A-7096-41CB-8A0F-A9F5FD713BC6}"
EndProject
Project("{FAE04EC0-301F-11D3-BF4B-00C04F79EFBC}") = "Infrastructure", "kodlama.io.devs\Infrastructure\Infrastructure.csproj", "{FCAC954F-32C9-4CAE-9845-5A5EC3BC26E9}"
EndProject
Project("{FAE04EC0-301F-11D3-BF4B-00C04F79EFBC}") = "Persistence", "kodlama.io.devs\Persistence\Persistence.csproj", "{C0D80AEC-51D7-4703-842B-1D92B98293AD}"
EndProject
Project("{2150E333-8FDC-42A3-9474-1A3956D46DE8}") = "corePackages", "corePackages", "{BE14B34A-68D0-4A0D-9BA3-212826B05FC8}"
EndProject
Project("{FAE04EC0-301F-11D3-BF4B-00C04F79EFBC}") = "WebAPI", "kodlama.io.devs\WebAPI\WebAPI.csproj", "{DDFD089A-932D-4DCB-AEE2-5D9302C24949}"
EndProject
Project("{FAE04EC0-301F-11D3-BF4B-00C04F79EFBC}") = "Core.Persistence", "corePackages\Core.Persistence\Core.Persistence.csproj", "{79099EDA-72F6-4121-B53E-A3D8ED04C92F}"
EndProject
Project("{FAE04EC0-301F-11D3-BF4B-00C04F79EFBC}") = "Core.CrossCuttingConcerns", "corePackages\Core.CrossCuttingConcerns\Core.CrossCuttingConcerns.csproj", "{31B7950B-71F8-48EE-8770-C261522506A3}"
EndProject
Project("{FAE04EC0-301F-11D3-BF4B-00C04F79EFBC}") = "Core.Application", "corePackages\Core.Application\Core.Application.csproj", "{3F8C36B9-59FC-4595-BD6A-A1C75ACFA797}"
EndProject
Project("{FAE04EC0-301F-11D3-BF4B-00C04F79EFBC}") = "Core.Security", "corePackages\Core.Security\Core.Security.csproj", "{0F3194F0-FA3D-4146-ACBC-60410BF4D667}"
EndProject
Global
	GlobalSection(SolutionConfigurationPlatforms) = preSolution
		Debug|Any CPU = Debug|Any CPU
		Release|Any CPU = Release|Any CPU
	EndGlobalSection
	GlobalSection(ProjectConfigurationPlatforms) = postSolution
		{B99CB72F-191C-4D75-9056-F19286DD7821}.Debug|Any CPU.ActiveCfg = Debug|Any CPU
		{B99CB72F-191C-4D75-9056-F19286DD7821}.Debug|Any CPU.Build.0 = Debug|Any CPU
		{B99CB72F-191C-4D75-9056-F19286DD7821}.Release|Any CPU.ActiveCfg = Release|Any CPU
		{B99CB72F-191C-4D75-9056-F19286DD7821}.Release|Any CPU.Build.0 = Release|Any CPU
		{A222B83A-7096-41CB-8A0F-A9F5FD713BC6}.Debug|Any CPU.ActiveCfg = Debug|Any CPU
		{A222B83A-7096-41CB-8A0F-A9F5FD713BC6}.Debug|Any CPU.Build.0 = Debug|Any CPU
		{A222B83A-7096-41CB-8A0F-A9F5FD713BC6}.Release|Any CPU.ActiveCfg = Release|Any CPU
		{A222B83A-7096-41CB-8A0F-A9F5FD713BC6}.Release|Any CPU.Build.0 = Release|Any CPU
		{FCAC954F-32C9-4CAE-9845-5A5EC3BC26E9}.Debug|Any CPU.ActiveCfg = Debug|Any CPU
		{FCAC954F-32C9-4CAE-9845-5A5EC3BC26E9}.Debug|Any CPU.Build.0 = Debug|Any CPU
		{FCAC954F-32C9-4CAE-9845-5A5EC3BC26E9}.Release|Any CPU.ActiveCfg = Release|Any CPU
		{FCAC954F-32C9-4CAE-9845-5A5EC3BC26E9}.Release|Any CPU.Build.0 = Release|Any CPU
		{C0D80AEC-51D7-4703-842B-1D92B98293AD}.Debug|Any CPU.ActiveCfg = Debug|Any CPU
		{C0D80AEC-51D7-4703-842B-1D92B98293AD}.Debug|Any CPU.Build.0 = Debug|Any CPU
		{C0D80AEC-51D7-4703-842B-1D92B98293AD}.Release|Any CPU.ActiveCfg = Release|Any CPU
		{C0D80AEC-51D7-4703-842B-1D92B98293AD}.Release|Any CPU.Build.0 = Release|Any CPU
		{DDFD089A-932D-4DCB-AEE2-5D9302C24949}.Debug|Any CPU.ActiveCfg = Debug|Any CPU
		{DDFD089A-932D-4DCB-AEE2-5D9302C24949}.Debug|Any CPU.Build.0 = Debug|Any CPU
		{DDFD089A-932D-4DCB-AEE2-5D9302C24949}.Release|Any CPU.ActiveCfg = Release|Any CPU
		{DDFD089A-932D-4DCB-AEE2-5D9302C24949}.Release|Any CPU.Build.0 = Release|Any CPU
		{79099EDA-72F6-4121-B53E-A3D8ED04C92F}.Debug|Any CPU.ActiveCfg = Debug|Any CPU
		{79099EDA-72F6-4121-B53E-A3D8ED04C92F}.Debug|Any CPU.Build.0 = Debug|Any CPU
		{79099EDA-72F6-4121-B53E-A3D8ED04C92F}.Release|Any CPU.ActiveCfg = Release|Any CPU
		{79099EDA-72F6-4121-B53E-A3D8ED04C92F}.Release|Any CPU.Build.0 = Release|Any CPU
		{31B7950B-71F8-48EE-8770-C261522506A3}.Debug|Any CPU.ActiveCfg = Debug|Any CPU
		{31B7950B-71F8-48EE-8770-C261522506A3}.Debug|Any CPU.Build.0 = Debug|Any CPU
		{31B7950B-71F8-48EE-8770-C261522506A3}.Release|Any CPU.ActiveCfg = Release|Any CPU
		{31B7950B-71F8-48EE-8770-C261522506A3}.Release|Any CPU.Build.0 = Release|Any CPU
		{3F8C36B9-59FC-4595-BD6A-A1C75ACFA797}.Debug|Any CPU.ActiveCfg = Debug|Any CPU
		{3F8C36B9-59FC-4595-BD6A-A1C75ACFA797}.Debug|Any CPU.Build.0 = Debug|Any CPU
		{3F8C36B9-59FC-4595-BD6A-A1C75ACFA797}.Release|Any CPU.ActiveCfg = Release|Any CPU
		{3F8C36B9-59FC-4595-BD6A-A1C75ACFA797}.Release|Any CPU.Build.0 = Release|Any CPU
		{0F3194F0-FA3D-4146-ACBC-60410BF4D667}.Debug|Any CPU.ActiveCfg = Debug|Any CPU
		{0F3194F0-FA3D-4146-ACBC-60410BF4D667}.Debug|Any CPU.Build.0 = Debug|Any CPU
		{0F3194F0-FA3D-4146-ACBC-60410BF4D667}.Release|Any CPU.ActiveCfg = Release|Any CPU
		{0F3194F0-FA3D-4146-ACBC-60410BF4D667}.Release|Any CPU.Build.0 = Release|Any CPU
	EndGlobalSection
	GlobalSection(SolutionProperties) = preSolution
		HideSolutionNode = FALSE
	EndGlobalSection
	GlobalSection(NestedProjects) = preSolution
		{2D8612C8-FFE8-4383-B5C6-770255A8204E} = {06A16BAF-3A8F-461C-9492-65D36E6BC3F6}
		{B99CB72F-191C-4D75-9056-F19286DD7821} = {2D8612C8-FFE8-4383-B5C6-770255A8204E}
		{A222B83A-7096-41CB-8A0F-A9F5FD713BC6} = {2D8612C8-FFE8-4383-B5C6-770255A8204E}
		{FCAC954F-32C9-4CAE-9845-5A5EC3BC26E9} = {2D8612C8-FFE8-4383-B5C6-770255A8204E}
		{C0D80AEC-51D7-4703-842B-1D92B98293AD} = {2D8612C8-FFE8-4383-B5C6-770255A8204E}
		{BE14B34A-68D0-4A0D-9BA3-212826B05FC8} = {06A16BAF-3A8F-461C-9492-65D36E6BC3F6}
		{DDFD089A-932D-4DCB-AEE2-5D9302C24949} = {2D8612C8-FFE8-4383-B5C6-770255A8204E}
		{79099EDA-72F6-4121-B53E-A3D8ED04C92F} = {BE14B34A-68D0-4A0D-9BA3-212826B05FC8}
		{31B7950B-71F8-48EE-8770-C261522506A3} = {BE14B34A-68D0-4A0D-9BA3-212826B05FC8}
		{3F8C36B9-59FC-4595-BD6A-A1C75ACFA797} = {BE14B34A-68D0-4A0D-9BA3-212826B05FC8}
		{0F3194F0-FA3D-4146-ACBC-60410BF4D667} = {BE14B34A-68D0-4A0D-9BA3-212826B05FC8}
	EndGlobalSection
	GlobalSection(ExtensibilityGlobals) = postSolution
		SolutionGuid = {9F4721A7-B439-4C46-9A73-96C611D1B617}
	EndGlobalSection
EndGlobal
